
Microsoft Visual Studio Solution File, Format Version 12.00
# Visual Studio 2013
VisualStudioVersion = 12.0.31101.0
MinimumVisualStudioVersion = 10.0.40219.1
Project("{8BC9CEB8-8B4A-11D0-8D11-00A0C91BC942}") = "Hazel_Engine", "Hazel_Engine\Hazel_Engine.vcxproj", "{937B7D0B-499E-4B03-BBF5-E8A9E0DDD372}"
EndProject
Global
	GlobalSection(SolutionConfigurationPlatforms) = preSolution
		Debug|Windows x64 = Debug|Windows x64
		Debug|Windows x86 = Debug|Windows x86
		Release|Windows x64 = Release|Windows x64
		Release|Windows x86 = Release|Windows x86
	EndGlobalSection
	GlobalSection(ProjectConfigurationPlatforms) = postSolution
		{937B7D0B-499E-4B03-BBF5-E8A9E0DDD372}.Debug|Windows x64.ActiveCfg = Debug|x64
		{937B7D0B-499E-4B03-BBF5-E8A9E0DDD372}.Debug|Windows x64.Build.0 = Debug|x64
		{937B7D0B-499E-4B03-BBF5-E8A9E0DDD372}.Debug|Windows x86.ActiveCfg = Debug|Win32
		{937B7D0B-499E-4B03-BBF5-E8A9E0DDD372}.Debug|Windows x86.Build.0 = Debug|Win32
		{937B7D0B-499E-4B03-BBF5-E8A9E0DDD372}.Release|Windows x64.ActiveCfg = Release|x64
		{937B7D0B-499E-4B03-BBF5-E8A9E0DDD372}.Release|Windows x64.Build.0 = Release|x64
		{937B7D0B-499E-4B03-BBF5-E8A9E0DDD372}.Release|Windows x86.ActiveCfg = Release|Win32
		{937B7D0B-499E-4B03-BBF5-E8A9E0DDD372}.Release|Windows x86.Build.0 = Release|Win32
	EndGlobalSection
	GlobalSection(SolutionProperties) = preSolution
		HideSolutionNode = FALSE
	EndGlobalSection
EndGlobal
